
Microsoft Visual Studio Solution File, Format Version 11.00
# Visual Studio 2010
Project("{FAE04EC0-301F-11D3-BF4B-00C04F79EFBC}") = "RiverDiver", "RiverDiver\RiverDiver.csproj", "{121BB753-F575-463E-926A-1D38DFAC2985}"
EndProject
Global
	GlobalSection(SolutionConfigurationPlatforms) = preSolution
		Debug|Any CPU = Debug|Any CPU
		Release|Any CPU = Release|Any CPU
	EndGlobalSection
	GlobalSection(ProjectConfigurationPlatforms) = postSolution
		{121BB753-F575-463E-926A-1D38DFAC2985}.Debug|Any CPU.ActiveCfg = Debug|Any CPU
		{121BB753-F575-463E-926A-1D38DFAC2985}.Debug|Any CPU.Build.0 = Debug|Any CPU
		{121BB753-F575-463E-926A-1D38DFAC2985}.Release|Any CPU.ActiveCfg = Release|Any CPU
		{121BB753-F575-463E-926A-1D38DFAC2985}.Release|Any CPU.Build.0 = Release|Any CPU
	EndGlobalSection
	GlobalSection(SolutionProperties) = preSolution
		HideSolutionNode = FALSE
	EndGlobalSection
EndGlobal
